# THIS IS AN AUTOGENERATED FILE. DO NOT EDIT THIS FILE DIRECTLY.
# yarn lockfile v1


prettier-html-templates@^0.1.0:
  version "0.1.0"
  resolved "https://registry.yarnpkg.com/prettier-html-templates/-/prettier-html-templates-0.1.0.tgz#dfa12bd71c032e3b796e8c645210c5614403575d"
  integrity sha512-KdLveYzO2kJLiwUAebd5UFeKP8h3OqFhOiLbkgeIuS1WNoCRTyxW4KuyGfbh3F+Rp/2A6mipRxCq2zPi+//pmg==

prettier-plugin-eex@^0.6.0:
  version "0.6.0"
  resolved "https://registry.yarnpkg.com/prettier-plugin-eex/-/prettier-plugin-eex-0.6.0.tgz#b0c1323a2e3d5621f37c953a9cbf25ce3d668385"
  integrity sha512-cI2mlKj4NsE43vsXTHB3QGsmg1FUHWiD2obegnWjGeRDN7scPhjX+uEmBkJl53pJ+a7byC9t/okDQUeVmvxPpw==
  dependencies:
    prettier-html-templates "^0.1.0"

prettier@^2.8.7:
  version "2.8.7"
  resolved "https://registry.yarnpkg.com/prettier/-/prettier-2.8.7.tgz#bb79fc8729308549d28fe3a98fce73d2c0656450"
  integrity sha512-yPngTo3aXUUmyuTjeTUT75txrf+aMh9FiD7q9ZE/i6r0bPb22g4FsE6Y338PQX1bmfy08i9QQCB7/rcUAVntfw==
